
Microsoft Visual Studio Solution File, Format Version 12.00
# Visual Studio Version 17
VisualStudioVersion = 17.6.33829.357
MinimumVisualStudioVersion = 10.0.40219.1
Project("{9A19103F-16F7-4668-BE54-9A1E7A4F7556}") = "MISA.WEB07.MF1755.KVHAI", "MISA.WEB07.MF1755.KVHAI\MISA.WEB07.MF1755.KVHAI.csproj", "{BEA75324-EE3D-4F7C-A852-F52E66F86A8B}"
EndProject
Project("{9A19103F-16F7-4668-BE54-9A1E7A4F7556}") = "MISA.WEB07.MF1755.KVHAI.UnitTests", "MISA.WEB07.MF1755.KVHAI.UnitTests\MISA.WEB07.MF1755.KVHAI.UnitTests.csproj", "{95EE3246-0624-490A-8EA0-491CA6A6630F}"
EndProject
Project("{9A19103F-16F7-4668-BE54-9A1E7A4F7556}") = "MISA.WEB07.MF1755.KVHAI.Domain", "MISA.WEB07.MF1755.KVHAI.Domain\MISA.WEB07.MF1755.KVHAI.Domain.csproj", "{68296591-42EA-44E0-BC7F-2B20BCFF19E8}"
EndProject
Project("{9A19103F-16F7-4668-BE54-9A1E7A4F7556}") = "MISA.WEB07.MF1755.KVHAI.Application", "MISA.WEB07.MF1755.KVHAI.Application\MISA.WEB07.MF1755.KVHAI.Application.csproj", "{950D2AC5-5C6A-460E-8122-36E233370912}"
EndProject
Project("{9A19103F-16F7-4668-BE54-9A1E7A4F7556}") = "MISA.WEB07.MF1755.KVHAI.Infrastructure", "MISA.WEB07.MF1755.KVHAI.Infrastructure\MISA.WEB07.MF1755.KVHAI.Infrastructure.csproj", "{C52F9FC3-FA8E-4526-A253-15BC3F69A066}"
EndProject
Project("{FAE04EC0-301F-11D3-BF4B-00C04F79EFBC}") = "MISA.WEB07.MF1755.KVHAI.Application.UnitTests", "MISA.WEB07.MF1755.KVHAI.Application.UnitTests\MISA.WEB07.MF1755.KVHAI.Application.UnitTests.csproj", "{7838448E-6299-41AA-A3B1-4315C2799365}"
EndProject
Project("{FAE04EC0-301F-11D3-BF4B-00C04F79EFBC}") = "MISA.WEB07.MF1755.KVHAI.Domain.UnitTests", "MISA.WEB07.MF1755.KVHAI.Domain.UnitTests\MISA.WEB07.MF1755.KVHAI.Domain.UnitTests.csproj", "{09FB0725-B4D5-404F-A985-ED06CF2D6EE3}"
EndProject
Global
	GlobalSection(SolutionConfigurationPlatforms) = preSolution
		Debug|Any CPU = Debug|Any CPU
		Release|Any CPU = Release|Any CPU
	EndGlobalSection
	GlobalSection(ProjectConfigurationPlatforms) = postSolution
		{BEA75324-EE3D-4F7C-A852-F52E66F86A8B}.Debug|Any CPU.ActiveCfg = Debug|Any CPU
		{BEA75324-EE3D-4F7C-A852-F52E66F86A8B}.Debug|Any CPU.Build.0 = Debug|Any CPU
		{BEA75324-EE3D-4F7C-A852-F52E66F86A8B}.Release|Any CPU.ActiveCfg = Release|Any CPU
		{BEA75324-EE3D-4F7C-A852-F52E66F86A8B}.Release|Any CPU.Build.0 = Release|Any CPU
		{95EE3246-0624-490A-8EA0-491CA6A6630F}.Debug|Any CPU.ActiveCfg = Debug|Any CPU
		{95EE3246-0624-490A-8EA0-491CA6A6630F}.Debug|Any CPU.Build.0 = Debug|Any CPU
		{95EE3246-0624-490A-8EA0-491CA6A6630F}.Release|Any CPU.ActiveCfg = Release|Any CPU
		{95EE3246-0624-490A-8EA0-491CA6A6630F}.Release|Any CPU.Build.0 = Release|Any CPU
		{68296591-42EA-44E0-BC7F-2B20BCFF19E8}.Debug|Any CPU.ActiveCfg = Debug|Any CPU
		{68296591-42EA-44E0-BC7F-2B20BCFF19E8}.Debug|Any CPU.Build.0 = Debug|Any CPU
		{68296591-42EA-44E0-BC7F-2B20BCFF19E8}.Release|Any CPU.ActiveCfg = Release|Any CPU
		{68296591-42EA-44E0-BC7F-2B20BCFF19E8}.Release|Any CPU.Build.0 = Release|Any CPU
		{950D2AC5-5C6A-460E-8122-36E233370912}.Debug|Any CPU.ActiveCfg = Debug|Any CPU
		{950D2AC5-5C6A-460E-8122-36E233370912}.Debug|Any CPU.Build.0 = Debug|Any CPU
		{950D2AC5-5C6A-460E-8122-36E233370912}.Release|Any CPU.ActiveCfg = Release|Any CPU
		{950D2AC5-5C6A-460E-8122-36E233370912}.Release|Any CPU.Build.0 = Release|Any CPU
		{C52F9FC3-FA8E-4526-A253-15BC3F69A066}.Debug|Any CPU.ActiveCfg = Debug|Any CPU
		{C52F9FC3-FA8E-4526-A253-15BC3F69A066}.Debug|Any CPU.Build.0 = Debug|Any CPU
		{C52F9FC3-FA8E-4526-A253-15BC3F69A066}.Release|Any CPU.ActiveCfg = Release|Any CPU
		{C52F9FC3-FA8E-4526-A253-15BC3F69A066}.Release|Any CPU.Build.0 = Release|Any CPU
		{7838448E-6299-41AA-A3B1-4315C2799365}.Debug|Any CPU.ActiveCfg = Debug|Any CPU
		{7838448E-6299-41AA-A3B1-4315C2799365}.Debug|Any CPU.Build.0 = Debug|Any CPU
		{7838448E-6299-41AA-A3B1-4315C2799365}.Release|Any CPU.ActiveCfg = Release|Any CPU
		{7838448E-6299-41AA-A3B1-4315C2799365}.Release|Any CPU.Build.0 = Release|Any CPU
		{09FB0725-B4D5-404F-A985-ED06CF2D6EE3}.Debug|Any CPU.ActiveCfg = Debug|Any CPU
		{09FB0725-B4D5-404F-A985-ED06CF2D6EE3}.Debug|Any CPU.Build.0 = Debug|Any CPU
		{09FB0725-B4D5-404F-A985-ED06CF2D6EE3}.Release|Any CPU.ActiveCfg = Release|Any CPU
		{09FB0725-B4D5-404F-A985-ED06CF2D6EE3}.Release|Any CPU.Build.0 = Release|Any CPU
	EndGlobalSection
	GlobalSection(SolutionProperties) = preSolution
		HideSolutionNode = FALSE
	EndGlobalSection
	GlobalSection(ExtensibilityGlobals) = postSolution
		SolutionGuid = {920FEBBF-BEE2-4E69-B28F-3ABDAEC3F5CE}
	EndGlobalSection
EndGlobal
